Microsoft Visual Studio Solution File, Format Version 12.00
# Visual Studio 2012
Project("{FAE04EC0-301F-11D3-BF4B-00C04F79EFBC}") = "OutOfControl", "OutOfControl.csproj", "{315E9E5D-A3A3-4A17-A878-A439092EE5FE}"
EndProject
Global
	GlobalSection(SolutionConfigurationPlatforms) = preSolution
	Debug|Any CPU = Debug|Any CPU
	ExportDebug|Any CPU = ExportDebug|Any CPU
	ExportRelease|Any CPU = ExportRelease|Any CPU
	EndGlobalSection
	GlobalSection(ProjectConfigurationPlatforms) = postSolution
		{315E9E5D-A3A3-4A17-A878-A439092EE5FE}.Debug|Any CPU.ActiveCfg = Debug|Any CPU
		{315E9E5D-A3A3-4A17-A878-A439092EE5FE}.Debug|Any CPU.Build.0 = Debug|Any CPU
		{315E9E5D-A3A3-4A17-A878-A439092EE5FE}.ExportDebug|Any CPU.ActiveCfg = ExportDebug|Any CPU
		{315E9E5D-A3A3-4A17-A878-A439092EE5FE}.ExportDebug|Any CPU.Build.0 = ExportDebug|Any CPU
		{315E9E5D-A3A3-4A17-A878-A439092EE5FE}.ExportRelease|Any CPU.ActiveCfg = ExportRelease|Any CPU
		{315E9E5D-A3A3-4A17-A878-A439092EE5FE}.ExportRelease|Any CPU.Build.0 = ExportRelease|Any CPU
	EndGlobalSection
EndGlobal
